
Microsoft Visual Studio Solution File, Format Version 12.00
# Visual Studio Version 16
VisualStudioVersion = 16.0.30011.22
MinimumVisualStudioVersion = 10.0.40219.1
Project("{FAE04EC0-301F-11D3-BF4B-00C04F79EFBC}") = "EMS", "EMS\EMS.csproj", "{C2CE898E-4151-456E-80E0-793A0895DB8B}"
EndProject
Project("{FAE04EC0-301F-11D3-BF4B-00C04F79EFBC}") = "Data", "Data\Data.csproj", "{64D7DBDA-AA1F-4BAD-8E98-5FD0B0926624}"
EndProject
Project("{FAE04EC0-301F-11D3-BF4B-00C04F79EFBC}") = "Models", "Models\Models.csproj", "{389549A3-995C-4B59-83CB-7FAA49F45D79}"
EndProject
Project("{FAE04EC0-301F-11D3-BF4B-00C04F79EFBC}") = "Repositories", "Repositories\Repositories.csproj", "{713989C6-44D9-45C3-A397-47C7ED2400E0}"
EndProject
Project("{FAE04EC0-301F-11D3-BF4B-00C04F79EFBC}") = "Services", "Services\Services.csproj", "{D7FD54E4-9422-449A-873B-BCB54DE14A52}"
EndProject
Project("{FAE04EC0-301F-11D3-BF4B-00C04F79EFBC}") = "Tests", "Tests\Tests.csproj", "{E4A795A8-8297-440A-9662-86E347023D81}"
EndProject
Global
	GlobalSection(SolutionConfigurationPlatforms) = preSolution
		Debug|Any CPU = Debug|Any CPU
		Release|Any CPU = Release|Any CPU
	EndGlobalSection
	GlobalSection(ProjectConfigurationPlatforms) = postSolution
		{C2CE898E-4151-456E-80E0-793A0895DB8B}.Debug|Any CPU.ActiveCfg = Debug|Any CPU
		{C2CE898E-4151-456E-80E0-793A0895DB8B}.Debug|Any CPU.Build.0 = Debug|Any CPU
		{C2CE898E-4151-456E-80E0-793A0895DB8B}.Release|Any CPU.ActiveCfg = Release|Any CPU
		{C2CE898E-4151-456E-80E0-793A0895DB8B}.Release|Any CPU.Build.0 = Release|Any CPU
		{64D7DBDA-AA1F-4BAD-8E98-5FD0B0926624}.Debug|Any CPU.ActiveCfg = Debug|Any CPU
		{64D7DBDA-AA1F-4BAD-8E98-5FD0B0926624}.Debug|Any CPU.Build.0 = Debug|Any CPU
		{64D7DBDA-AA1F-4BAD-8E98-5FD0B0926624}.Release|Any CPU.ActiveCfg = Release|Any CPU
		{64D7DBDA-AA1F-4BAD-8E98-5FD0B0926624}.Release|Any CPU.Build.0 = Release|Any CPU
		{389549A3-995C-4B59-83CB-7FAA49F45D79}.Debug|Any CPU.ActiveCfg = Debug|Any CPU
		{389549A3-995C-4B59-83CB-7FAA49F45D79}.Debug|Any CPU.Build.0 = Debug|Any CPU
		{389549A3-995C-4B59-83CB-7FAA49F45D79}.Release|Any CPU.ActiveCfg = Release|Any CPU
		{389549A3-995C-4B59-83CB-7FAA49F45D79}.Release|Any CPU.Build.0 = Release|Any CPU
		{713989C6-44D9-45C3-A397-47C7ED2400E0}.Debug|Any CPU.ActiveCfg = Debug|Any CPU
		{713989C6-44D9-45C3-A397-47C7ED2400E0}.Debug|Any CPU.Build.0 = Debug|Any CPU
		{713989C6-44D9-45C3-A397-47C7ED2400E0}.Release|Any CPU.ActiveCfg = Release|Any CPU
		{713989C6-44D9-45C3-A397-47C7ED2400E0}.Release|Any CPU.Build.0 = Release|Any CPU
		{D7FD54E4-9422-449A-873B-BCB54DE14A52}.Debug|Any CPU.ActiveCfg = Debug|Any CPU
		{D7FD54E4-9422-449A-873B-BCB54DE14A52}.Debug|Any CPU.Build.0 = Debug|Any CPU
		{D7FD54E4-9422-449A-873B-BCB54DE14A52}.Release|Any CPU.ActiveCfg = Release|Any CPU
		{D7FD54E4-9422-449A-873B-BCB54DE14A52}.Release|Any CPU.Build.0 = Release|Any CPU
		{E4A795A8-8297-440A-9662-86E347023D81}.Debug|Any CPU.ActiveCfg = Debug|Any CPU
		{E4A795A8-8297-440A-9662-86E347023D81}.Debug|Any CPU.Build.0 = Debug|Any CPU
		{E4A795A8-8297-440A-9662-86E347023D81}.Release|Any CPU.ActiveCfg = Release|Any CPU
		{E4A795A8-8297-440A-9662-86E347023D81}.Release|Any CPU.Build.0 = Release|Any CPU
	EndGlobalSection
	GlobalSection(SolutionProperties) = preSolution
		HideSolutionNode = FALSE
	EndGlobalSection
	GlobalSection(ExtensibilityGlobals) = postSolution
		SolutionGuid = {E4420C11-220C-40D9-AA4E-2015548BAD16}
	EndGlobalSection
EndGlobal
